
Microsoft Visual Studio Solution File, Format Version 11.00
# Visual Studio 2010
Project("{FAE04EC0-301F-11D3-BF4B-00C04F79EFBC}") = "Shadows", "Shadows.csproj", "{039B8F1A-D14F-41B7-B4D5-1D9CF2D5E7DA}"
EndProject
Project("{2150E333-8FDC-42A3-9474-1A3956D46DE8}") = "Solution Items", "Solution Items", "{B6B84E96-61E6-46C3-8EB3-A24DBF3D5666}"
EndProject
Global
	GlobalSection(SolutionConfigurationPlatforms) = preSolution
		Debug|Any CPU = Debug|Any CPU
		Debug|Mixed Platforms = Debug|Mixed Platforms
		Debug|x86 = Debug|x86
		Release|Any CPU = Release|Any CPU
		Release|Mixed Platforms = Release|Mixed Platforms
		Release|x86 = Release|x86
	EndGlobalSection
	GlobalSection(ProjectConfigurationPlatforms) = postSolution
		{039B8F1A-D14F-41B7-B4D5-1D9CF2D5E7DA}.Debug|Any CPU.ActiveCfg = Debug|x86
		{039B8F1A-D14F-41B7-B4D5-1D9CF2D5E7DA}.Debug|Mixed Platforms.ActiveCfg = Debug|x86
		{039B8F1A-D14F-41B7-B4D5-1D9CF2D5E7DA}.Debug|Mixed Platforms.Build.0 = Debug|x86
		{039B8F1A-D14F-41B7-B4D5-1D9CF2D5E7DA}.Debug|x86.ActiveCfg = Debug|x86
		{039B8F1A-D14F-41B7-B4D5-1D9CF2D5E7DA}.Debug|x86.Build.0 = Debug|x86
		{039B8F1A-D14F-41B7-B4D5-1D9CF2D5E7DA}.Release|Any CPU.ActiveCfg = Release|x86
		{039B8F1A-D14F-41B7-B4D5-1D9CF2D5E7DA}.Release|Mixed Platforms.ActiveCfg = Release|x86
		{039B8F1A-D14F-41B7-B4D5-1D9CF2D5E7DA}.Release|Mixed Platforms.Build.0 = Release|x86
		{039B8F1A-D14F-41B7-B4D5-1D9CF2D5E7DA}.Release|x86.ActiveCfg = Release|x86
		{039B8F1A-D14F-41B7-B4D5-1D9CF2D5E7DA}.Release|x86.Build.0 = Release|x86
	EndGlobalSection
	GlobalSection(SolutionProperties) = preSolution
		HideSolutionNode = FALSE
	EndGlobalSection
EndGlobal
